// !$*UTF8*$!
{
	archiveVersion = 1;
	classes = {
	};
	objectVersion = 56;
	objects = {

/* Begin PBXBuildFile section */
		AE5308A12B7FFFF80087DAA5 /* lowvisionsurveyApp.swift in Sources */ = {isa = PBXBuildFile; fileRef = AE5308A02B7FFFF80087DAA5 /* lowvisionsurveyApp.swift */; };
		AE5308A32B7FFFF80087DAA5 /* ContentView.swift in Sources */ = {isa = PBXBuildFile; fileRef = AE5308A22B7FFFF80087DAA5 /* ContentView.swift */; };
		AE5308A52B7FFFF90087DAA5 /* Assets.xcassets in Resources */ = {isa = PBXBuildFile; fileRef = AE5308A42B7FFFF90087DAA5 /* Assets.xcassets */; };
		AE5308A82B7FFFF90087DAA5 /* Preview Assets.xcassets in Resources */ = {isa = PBXBuildFile; fileRef = AE5308A72B7FFFF90087DAA5 /* Preview Assets.xcassets */; };
		AE5308B22B7FFFFA0087DAA5 /* lowvisionsurveyTests.swift in Sources */ = {isa = PBXBuildFile; fileRef = AE5308B12B7FFFFA0087DAA5 /* lowvisionsurveyTests.swift */; };
		AE5308BC2B7FFFFA0087DAA5 /* lowvisionsurveyUITests.swift in Sources */ = {isa = PBXBuildFile; fileRef = AE5308BB2B7FFFFA0087DAA5 /* lowvisionsurveyUITests.swift */; };
		AE5308BE2B7FFFFA0087DAA5 /* lowvisionsurveyUITestsLaunchTests.swift in Sources */ = {isa = PBXBuildFile; fileRef = AE5308BD2B7FFFFA0087DAA5 /* lowvisionsurveyUITestsLaunchTests.swift */; };
/* End PBXBuildFile section */

/* Begin PBXContainerItemProxy section */
		AE5308AE2B7FFFFA0087DAA5 /* PBXContainerItemProxy */ = {
			isa = PBXContainerItemProxy;
			containerPortal = AE5308952B7FFFF80087DAA5 /* Project object */;
			proxyType = 1;
			remoteGlobalIDString = AE53089C2B7FFFF80087DAA5;
			remoteInfo = lowvisionsurvey;
		};
		AE5308B82B7FFFFA0087DAA5 /* PBXContainerItemProxy */ = {
			isa = PBXContainerItemProxy;
			containerPortal = AE5308952B7FFFF80087DAA5 /* Project object */;
			proxyType = 1;
			remoteGlobalIDString = AE53089C2B7FFFF80087DAA5;
			remoteInfo = lowvisionsurvey;
		};
/* End PBXContainerItemProxy section */

/* Begin PBXFileReference section */
		AE53089D2B7FFFF80087DAA5 /* lowvisionsurvey.app */ = {isa = PBXFileReference; explicitFileType = wrapper.application; includeInIndex = 0; path = lowvisionsurvey.app; sourceTree = BUILT_PRODUCTS_DIR; };
		AE5308A02B7FFFF80087DAA5 /* lowvisionsurveyApp.swift */ = {isa = PBXFileReference; lastKnownFileType = sourcecode.swift; path = lowvisionsurveyApp.swift; sourceTree = "<group>"; };
		AE5308A22B7FFFF80087DAA5 /* ContentView.swift */ = {isa = PBXFileReference; lastKnownFileType = sourcecode.swift; path = ContentView.swift; sourceTree = "<group>"; };
		AE5308A42B7FFFF90087DAA5 /* Assets.xcassets */ = {isa = PBXFileReference; lastKnownFileType = folder.assetcatalog; path = Assets.xcassets; sourceTree = "<group>"; };
		AE5308A72B7FFFF90087DAA5 /* Preview Assets.xcassets */ = {isa = PBXFileReference; lastKnownFileType = folder.assetcatalog; path = "Preview Assets.xcassets"; sourceTree = "<group>"; };
		AE5308AD2B7FFFFA0087DAA5 /* lowvisionsurveyTests.xctest */ = {isa = PBXFileReference; explicitFileType = wrapper.cfbundle; includeInIndex = 0; path = lowvisionsurveyTests.xctest; sourceTree = BUILT_PRODUCTS_DIR; };
		AE5308B12B7FFFFA0087DAA5 /* lowvisionsurveyTests.swift */ = {isa = PBXFileReference; lastKnownFileType = sourcecode.swift; path = lowvisionsurveyTests.swift; sourceTree = "<group>"; };
		AE5308B72B7FFFFA0087DAA5 /* lowvisionsurveyUITests.xctest */ = {isa = PBXFileReference; explicitFileType = wrapper.cfbundle; includeInIndex = 0; path = lowvisionsurveyUITests.xctest; sourceTree = BUILT_PRODUCTS_DIR; };
		AE5308BB2B7FFFFA0087DAA5 /* lowvisionsurveyUITests.swift */ = {isa = PBXFileReference; lastKnownFileType = sourcecode.swift; path = lowvisionsurveyUITests.swift; sourceTree = "<group>"; };
		AE5308BD2B7FFFFA0087DAA5 /* lowvisionsurveyUITestsLaunchTests.swift */ = {isa = PBXFileReference; lastKnownFileType = sourcecode.swift; path = lowvisionsurveyUITestsLaunchTests.swift; sourceTree = "<group>"; };
/* End PBXFileReference section */

/* Begin PBXFrameworksBuildPhase section */
		AE53089A2B7FFFF80087DAA5 /* Frameworks */ = {
			isa = PBXFrameworksBuildPhase;
			buildActionMask = 2147483647;
			files = (
			);
			runOnlyForDeploymentPostprocessing = 0;
		};
		AE5308AA2B7FFFFA0087DAA5 /* Frameworks */ = {
			isa = PBXFrameworksBuildPhase;
			buildActionMask = 2147483647;
			files = (
			);
			runOnlyForDeploymentPostprocessing = 0;
		};
		AE5308B42B7FFFFA0087DAA5 /* Frameworks */ = {
			isa = PBXFrameworksBuildPhase;
			buildActionMask = 2147483647;
			files = (
			);
			runOnlyForDeploymentPostprocessing = 0;
		};
/* End PBXFrameworksBuildPhase section */

/* Begin PBXGroup section */
		AE5308942B7FFFF80087DAA5 = {
			isa = PBXGroup;
			children = (
				AE53089F2B7FFFF80087DAA5 /* lowvisionsurvey */,
				AE5308B02B7FFFFA0087DAA5 /* lowvisionsurveyTests */,
				AE5308BA2B7FFFFA0087DAA5 /* lowvisionsurveyUITests */,
				AE53089E2B7FFFF80087DAA5 /* Products */,
			);
			sourceTree = "<group>";
		};
		AE53089E2B7FFFF80087DAA5 /* Products */ = {
			isa = PBXGroup;
			children = (
				AE53089D2B7FFFF80087DAA5 /* lowvisionsurvey.app */,
				AE5308AD2B7FFFFA0087DAA5 /* lowvisionsurveyTests.xctest */,
				AE5308B72B7FFFFA0087DAA5 /* lowvisionsurveyUITests.xctest */,
			);
			name = Products;
			sourceTree = "<group>";
		};
		AE53089F2B7FFFF80087DAA5 /* lowvisionsurvey */ = {
			isa = PBXGroup;
			children = (
				AE5308A02B7FFFF80087DAA5 /* lowvisionsurveyApp.swift */,
				AE5308A22B7FFFF80087DAA5 /* ContentView.swift */,
				AE5308A42B7FFFF90087DAA5 /* Assets.xcassets */,
				AE5308A62B7FFFF90087DAA5 /* Preview Content */,
			);
			path = lowvisionsurvey;
			sourceTree = "<group>";
		};
		AE5308A62B7FFFF90087DAA5 /* Preview Content */ = {
			isa = PBXGroup;
			children = (
				AE5308A72B7FFFF90087DAA5 /* Preview Assets.xcassets */,
			);
			path = "Preview Content";
			sourceTree = "<group>";
		};
		AE5308B02B7FFFFA0087DAA5 /* lowvisionsurveyTests */ = {
			isa = PBXGroup;
			children = (
				AE5308B12B7FFFFA0087DAA5 /* lowvisionsurveyTests.swift */,
			);
			path = lowvisionsurveyTests;
			sourceTree = "<group>";
		};
		AE5308BA2B7FFFFA0087DAA5 /* lowvisionsurveyUITests */ = {
			isa = PBXGroup;
			children = (
				AE5308BB2B7FFFFA0087DAA5 /* lowvisionsurveyUITests.swift */,
				AE5308BD2B7FFFFA0087DAA5 /* lowvisionsurveyUITestsLaunchTests.swift */,
			);
			path = lowvisionsurveyUITests;
			sourceTree = "<group>";
		};
/* End PBXGroup section */

/* Begin PBXNativeTarget section */
		AE53089C2B7FFFF80087DAA5 /* lowvisionsurvey */ = {
			isa = PBXNativeTarget;
			buildConfigurationList = AE5308C12B7FFFFA0087DAA5 /* Build configuration list for PBXNativeTarget "lowvisionsurvey" */;
			buildPhases = (
				AE5308992B7FFFF80087DAA5 /* Sources */,
				AE53089A2B7FFFF80087DAA5 /* Frameworks */,
				AE53089B2B7FFFF80087DAA5 /* Resources */,
			);
			buildRules = (
			);
			dependencies = (
			);
			name = lowvisionsurvey;
			productName = lowvisionsurvey;
			productReference = AE53089D2B7FFFF80087DAA5 /* lowvisionsurvey.app */;
			productType = "com.apple.product-type.application";
		};
		AE5308AC2B7FFFFA0087DAA5 /* lowvisionsurveyTests */ = {
			isa = PBXNativeTarget;
			buildConfigurationList = AE5308C42B7FFFFA0087DAA5 /* Build configuration list for PBXNativeTarget "lowvisionsurveyTests" */;
			buildPhases = (
				AE5308A92B7FFFFA0087DAA5 /* Sources */,
				AE5308AA2B7FFFFA0087DAA5 /* Frameworks */,
				AE5308AB2B7FFFFA0087DAA5 /* Resources */,
			);
			buildRules = (
			);
			dependencies = (
				AE5308AF2B7FFFFA0087DAA5 /* PBXTargetDependency */,
			);
			name = lowvisionsurveyTests;
			productName = lowvisionsurveyTests;
			productReference = AE5308AD2B7FFFFA0087DAA5 /* lowvisionsurveyTests.xctest */;
			productType = "com.apple.product-type.bundle.unit-test";
		};
		AE5308B62B7FFFFA0087DAA5 /* lowvisionsurveyUITests */ = {
			isa = PBXNativeTarget;
			buildConfigurationList = AE5308C72B7FFFFA0087DAA5 /* Build configuration list for PBXNativeTarget "lowvisionsurveyUITests" */;
			buildPhases = (
				AE5308B32B7FFFFA0087DAA5 /* Sources */,
				AE5308B42B7FFFFA0087DAA5 /* Frameworks */,
				AE5308B52B7FFFFA0087DAA5 /* Resources */,
			);
			buildRules = (
			);
			dependencies = (
				AE5308B92B7FFFFA0087DAA5 /* PBXTargetDependency */,
			);
			name = lowvisionsurveyUITests;
			productName = lowvisionsurveyUITests;
			productReference = AE5308B72B7FFFFA0087DAA5 /* lowvisionsurveyUITests.xctest */;
			productType = "com.apple.product-type.bundle.ui-testing";
		};
/* End PBXNativeTarget section */

/* Begin PBXProject section */
		AE5308952B7FFFF80087DAA5 /* Project object */ = {
			isa = PBXProject;
			attributes = {
				BuildIndependentTargetsInParallel = 1;
				LastSwiftUpdateCheck = 1520;
				LastUpgradeCheck = 1520;
				TargetAttributes = {
					AE53089C2B7FFFF80087DAA5 = {
						CreatedOnToolsVersion = 15.2;
					};
					AE5308AC2B7FFFFA0087DAA5 = {
						CreatedOnToolsVersion = 15.2;
						TestTargetID = AE53089C2B7FFFF80087DAA5;
					};
					AE5308B62B7FFFFA0087DAA5 = {
						CreatedOnToolsVersion = 15.2;
						TestTargetID = AE53089C2B7FFFF80087DAA5;
					};
				};
			};
			buildConfigurationList = AE5308982B7FFFF80087DAA5 /* Build configuration list for PBXProject "lowvisionsurvey" */;
			compatibilityVersion = "Xcode 14.0";
			developmentRegion = en;
			hasScannedForEncodings = 0;
			knownRegions = (
				en,
				Base,
			);
			mainGroup = AE5308942B7FFFF80087DAA5;
			productRefGroup = AE53089E2B7FFFF80087DAA5 /* Products */;
			projectDirPath = "";
			projectRoot = "";
			targets = (
				AE53089C2B7FFFF80087DAA5 /* lowvisionsurvey */,
				AE5308AC2B7FFFFA0087DAA5 /* lowvisionsurveyTests */,
				AE5308B62B7FFFFA0087DAA5 /* lowvisionsurveyUITests */,
			);
		};
/* End PBXProject section */

/* Begin PBXResourcesBuildPhase section */
		AE53089B2B7FFFF80087DAA5 /* Resources */ = {
			isa = PBXResourcesBuildPhase;
			buildActionMask = 2147483647;
			files = (
				AE5308A82B7FFFF90087DAA5 /* Preview Assets.xcassets in Resources */,
				AE5308A52B7FFFF90087DAA5 /* Assets.xcassets in Resources */,
			);
			runOnlyForDeploymentPostprocessing = 0;
		};
		AE5308AB2B7FFFFA0087DAA5 /* Resources */ = {
			isa = PBXResourcesBuildPhase;
			buildActionMask = 2147483647;
			files = (
			);
			runOnlyForDeploymentPostprocessing = 0;
		};
		AE5308B52B7FFFFA0087DAA5 /* Resources */ = {
			isa = PBXResourcesBuildPhase;
			buildActionMask = 2147483647;
			files = (
			);
			runOnlyForDeploymentPostprocessing = 0;
		};
/* End PBXResourcesBuildPhase section */

/* Begin PBXSourcesBuildPhase section */
		AE5308992B7FFFF80087DAA5 /* Sources */ = {
			isa = PBXSourcesBuildPhase;
			buildActionMask = 2147483647;
			files = (
				AE5308A32B7FFFF80087DAA5 /* ContentView.swift in Sources */,
				AE5308A12B7FFFF80087DAA5 /* lowvisionsurveyApp.swift in Sources */,
			);
			runOnlyForDeploymentPostprocessing = 0;
		};
		AE5308A92B7FFFFA0087DAA5 /* Sources */ = {
			isa = PBXSourcesBuildPhase;
			buildActionMask = 2147483647;
			files = (
				AE5308B22B7FFFFA0087DAA5 /* lowvisionsurveyTests.swift in Sources */,
			);
			runOnlyForDeploymentPostprocessing = 0;
		};
		AE5308B32B7FFFFA0087DAA5 /* Sources */ = {
			isa = PBXSourcesBuildPhase;
			buildActionMask = 2147483647;
			files = (
				AE5308BC2B7FFFFA0087DAA5 /* lowvisionsurveyUITests.swift in Sources */,
				AE5308BE2B7FFFFA0087DAA5 /* lowvisionsurveyUITestsLaunchTests.swift in Sources */,
			);
			runOnlyForDeploymentPostprocessing = 0;
		};
/* End PBXSourcesBuildPhase section */

/* Begin PBXTargetDependency section */
		AE5308AF2B7FFFFA0087DAA5 /* PBXTargetDependency */ = {
			isa = PBXTargetDependency;
			target = AE53089C2B7FFFF80087DAA5 /* lowvisionsurvey */;
			targetProxy = AE5308AE2B7FFFFA0087DAA5 /* PBXContainerItemProxy */;
		};
		AE5308B92B7FFFFA0087DAA5 /* PBXTargetDependency */ = {
			isa = PBXTargetDependency;
			target = AE53089C2B7FFFF80087DAA5 /* lowvisionsurvey */;
			targetProxy = AE5308B82B7FFFFA0087DAA5 /* PBXContainerItemProxy */;
		};
/* End PBXTargetDependency section */

/* Begin XCBuildConfiguration section */
		AE5308BF2B7FFFFA0087DAA5 /* Debug */ = {
			isa = XCBuildConfiguration;
			buildSettings = {
				ALWAYS_SEARCH_USER_PATHS = NO;
				ASSETCATALOG_COMPILER_GENERATE_SWIFT_ASSET_SYMBOL_EXTENSIONS = YES;
				CLANG_ANALYZER_NONNULL = YES;
				CLANG_ANALYZER_NUMBER_OBJECT_CONVERSION = YES_AGGRESSIVE;
				CLANG_CXX_LANGUAGE_STANDARD = "gnu++20";
				CLANG_ENABLE_MODULES = YES;
				CLANG_ENABLE_OBJC_ARC = YES;
				CLANG_ENABLE_OBJC_WEAK = YES;
				CLANG_WARN_BLOCK_CAPTURE_AUTORELEASING = YES;
				CLANG_WARN_BOOL_CONVERSION = YES;
				CLANG_WARN_COMMA = YES;
				CLANG_WARN_CONSTANT_CONVERSION = YES;
				CLANG_WARN_DEPRECATED_OBJC_IMPLEMENTATIONS = YES;
				CLANG_WARN_DIRECT_OBJC_ISA_USAGE = YES_ERROR;
				CLANG_WARN_DOCUMENTATION_COMMENTS = YES;
				CLANG_WARN_EMPTY_BODY = YES;
				CLANG_WARN_ENUM_CONVERSION = YES;
				CLANG_WARN_INFINITE_RECURSION = YES;
				CLANG_WARN_INT_CONVERSION = YES;
				CLANG_WARN_NON_LITERAL_NULL_CONVERSION = YES;
				CLANG_WARN_OBJC_IMPLICIT_RETAIN_SELF = YES;
				CLANG_WARN_OBJC_LITERAL_CONVERSION = YES;
				CLANG_WARN_OBJC_ROOT_CLASS = YES_ERROR;
				CLANG_WARN_QUOTED_INCLUDE_IN_FRAMEWORK_HEADER = YES;
				CLANG_WARN_RANGE_LOOP_ANALYSIS = YES;
				CLANG_WARN_STRICT_PROTOTYPES = YES;
				CLANG_WARN_SUSPICIOUS_MOVE = YES;
				CLANG_WARN_UNGUARDED_AVAILABILITY = YES_AGGRESSIVE;
				CLANG_WARN_UNREACHABLE_CODE = YES;
				CLANG_WARN__DUPLICATE_METHOD_MATCH = YES;
				COPY_PHASE_STRIP = NO;
				DEBUG_INFORMATION_FORMAT = dwarf;
				ENABLE_STRICT_OBJC_MSGSEND = YES;
				ENABLE_TESTABILITY = YES;
				ENABLE_USER_SCRIPT_SANDBOXING = YES;
				GCC_C_LANGUAGE_STANDARD = gnu17;
				GCC_DYNAMIC_NO_PIC = NO;
				GCC_NO_COMMON_BLOCKS = YES;
				GCC_OPTIMIZATION_LEVEL = 0;
				GCC_PREPROCESSOR_DEFINITIONS = (
					"DEBUG=1",
					"$(inherited)",
				);
				GCC_WARN_64_TO_32_BIT_CONVERSION = YES;
				GCC_WARN_ABOUT_RETURN_TYPE = YES_ERROR;
				GCC_WARN_UNDECLARED_SELECTOR = YES;
				GCC_WARN_UNINITIALIZED_AUTOS = YES_AGGRESSIVE;
				GCC_WARN_UNUSED_FUNCTION = YES;
				GCC_WARN_UNUSED_VARIABLE = YES;
				IPHONEOS_DEPLOYMENT_TARGET = 17.2;
				LOCALIZATION_PREFERS_STRING_CATALOGS = YES;
				MTL_ENABLE_DEBUG_INFO = INCLUDE_SOURCE;
				MTL_FAST_MATH = YES;
				ONLY_ACTIVE_ARCH = YES;
				SDKROOT = iphoneos;
				SWIFT_ACTIVE_COMPILATION_CONDITIONS = "DEBUG $(inherited)";
				SWIFT_OPTIMIZATION_LEVEL = "-Onone";
			};
			name = Debug;
		};
		AE5308C02B7FFFFA0087DAA5 /* Release */ = {
			isa = XCBuildConfiguration;
			buildSettings = {
				ALWAYS_SEARCH_USER_PATHS = NO;
				ASSETCATALOG_COMPILER_GENERATE_SWIFT_ASSET_SYMBOL_EXTENSIONS = YES;
				CLANG_ANALYZER_NONNULL = YES;
				CLANG_ANALYZER_NUMBER_OBJECT_CONVERSION = YES_AGGRESSIVE;
				CLANG_CXX_LANGUAGE_STANDARD = "gnu++20";
				CLANG_ENABLE_MODULES = YES;
				CLANG_ENABLE_OBJC_ARC = YES;
				CLANG_ENABLE_OBJC_WEAK = YES;
				CLANG_WARN_BLOCK_CAPTURE_AUTORELEASING = YES;
				CLANG_WARN_BOOL_CONVERSION = YES;
				CLANG_WARN_COMMA = YES;
				CLANG_WARN_CONSTANT_CONVERSION = YES;
				CLANG_WARN_DEPRECATED_OBJC_IMPLEMENTATIONS = YES;
				CLANG_WARN_DIRECT_OBJC_ISA_USAGE = YES_ERROR;
				CLANG_WARN_DOCUMENTATION_COMMENTS = YES;
				CLANG_WARN_EMPTY_BODY = YES;
				CLANG_WARN_ENUM_CONVERSION = YES;
				CLANG_WARN_INFINITE_RECURSION = YES;
				CLANG_WARN_INT_CONVERSION = YES;
				CLANG_WARN_NON_LITERAL_NULL_CONVERSION = YES;
				CLANG_WARN_OBJC_IMPLICIT_RETAIN_SELF = YES;
				CLANG_WARN_OBJC_LITERAL_CONVERSION = YES;
				CLANG_WARN_OBJC_ROOT_CLASS = YES_ERROR;
				CLANG_WARN_QUOTED_INCLUDE_IN_FRAMEWORK_HEADER = YES;
				CLANG_WARN_RANGE_LOOP_ANALYSIS = YES;
				CLANG_WARN_STRICT_PROTOTYPES = YES;
				CLANG_WARN_SUSPICIOUS_MOVE = YES;
				CLANG_WARN_UNGUARDED_AVAILABILITY = YES_AGGRESSIVE;
				CLANG_WARN_UNREACHABLE_CODE = YES;
				CLANG_WARN__DUPLICATE_METHOD_MATCH = YES;
				COPY_PHASE_STRIP = NO;
				DEBUG_INFORMATION_FORMAT = "dwarf-with-dsym";
				ENABLE_NS_ASSERTIONS = NO;
				ENABLE_STRICT_OBJC_MSGSEND = YES;
				ENABLE_USER_SCRIPT_SANDBOXING = YES;
				GCC_C_LANGUAGE_STANDARD = gnu17;
				GCC_NO_COMMON_BLOCKS = YES;
				GCC_WARN_64_TO_32_BIT_CONVERSION = YES;
				GCC_WARN_ABOUT_RETURN_TYPE = YES_ERROR;
				GCC_WARN_UNDECLARED_SELECTOR = YES;
				GCC_WARN_UNINITIALIZED_AUTOS = YES_AGGRESSIVE;
				GCC_WARN_UNUSED_FUNCTION = YES;
				GCC_WARN_UNUSED_VARIABLE = YES;
				IPHONEOS_DEPLOYMENT_TARGET = 17.2;
				LOCALIZATION_PREFERS_STRING_CATALOGS = YES;
				MTL_ENABLE_DEBUG_INFO = NO;
				MTL_FAST_MATH = YES;
				SDKROOT = iphoneos;
				SWIFT_COMPILATION_MODE = wholemodule;
				VALIDATE_PRODUCT = YES;
			};
			name = Release;
		};
		AE5308C22B7FFFFA0087DAA5 /* Debug */ = {
			isa = XCBuildConfiguration;
			buildSettings = {
				ASSETCATALOG_COMPILER_APPICON_NAME = AppIcon;
				ASSETCATALOG_COMPILER_GLOBAL_ACCENT_COLOR_NAME = AccentColor;
				CODE_SIGN_STYLE = Automatic;
				CURRENT_PROJECT_VERSION = 1;
				DEVELOPMENT_ASSET_PATHS = "\"lowvisionsurvey/Preview Content\"";
				ENABLE_PREVIEWS = YES;
				GENERATE_INFOPLIST_FILE = YES;
				INFOPLIST_KEY_UIApplicationSceneManifest_Generation = YES;
				INFOPLIST_KEY_UIApplicationSupportsIndirectInputEvents = YES;
				INFOPLIST_KEY_UILaunchScreen_Generation = YES;
				INFOPLIST_KEY_UISupportedInterfaceOrientations_iPad = "UIInterfaceOrientationPortrait UIInterfaceOrientationPortraitUpsideDown UIInterfaceOrientationLandscapeLeft UIInterfaceOrientationLandscapeRight";
				INFOPLIST_KEY_UISupportedInterfaceOrientations_iPhone = "UIInterfaceOrientationPortrait UIInterfaceOrientationLandscapeLeft UIInterfaceOrientationLandscapeRight";
				LD_RUNPATH_SEARCH_PATHS = (
					"$(inherited)",
					"@executable_path/Frameworks",
				);
				MARKETING_VERSION = 1.0;
				PRODUCT_BUNDLE_IDENTIFIER = selab.lowvisionsurvey;
				PRODUCT_NAME = "$(TARGET_NAME)";
				SWIFT_EMIT_LOC_STRINGS = YES;
				SWIFT_VERSION = 5.0;
				TARGETED_DEVICE_FAMILY = "1,2";
			};
			name = Debug;
		};
		AE5308C32B7FFFFA0087DAA5 /* Release */ = {
			isa = XCBuildConfiguration;
			buildSettings = {
				ASSETCATALOG_COMPILER_APPICON_NAME = AppIcon;
				ASSETCATALOG_COMPILER_GLOBAL_ACCENT_COLOR_NAME = AccentColor;
				CODE_SIGN_STYLE = Automatic;
				CURRENT_PROJECT_VERSION = 1;
				DEVELOPMENT_ASSET_PATHS = "\"lowvisionsurvey/Preview Content\"";
				ENABLE_PREVIEWS = YES;
				GENERATE_INFOPLIST_FILE = YES;
				INFOPLIST_KEY_UIApplicationSceneManifest_Generation = YES;
				INFOPLIST_KEY_UIApplicationSupportsIndirectInputEvents = YES;
				INFOPLIST_KEY_UILaunchScreen_Generation = YES;
				INFOPLIST_KEY_UISupportedInterfaceOrientations_iPad = "UIInterfaceOrientationPortrait UIInterfaceOrientationPortraitUpsideDown UIInterfaceOrientationLandscapeLeft UIInterfaceOrientationLandscapeRight";
				INFOPLIST_KEY_UISupportedInterfaceOrientations_iPhone = "UIInterfaceOrientationPortrait UIInterfaceOrientationLandscapeLeft UIInterfaceOrientationLandscapeRight";
				LD_RUNPATH_SEARCH_PATHS = (
					"$(inherited)",
					"@executable_path/Frameworks",
				);
				MARKETING_VERSION = 1.0;
				PRODUCT_BUNDLE_IDENTIFIER = selab.lowvisionsurvey;
				PRODUCT_NAME = "$(TARGET_NAME)";
				SWIFT_EMIT_LOC_STRINGS = YES;
				SWIFT_VERSION = 5.0;
				TARGETED_DEVICE_FAMILY = "1,2";
			};
			name = Release;
		};
		AE5308C52B7FFFFA0087DAA5 /* Debug */ = {
			isa = XCBuildConfiguration;
			buildSettings = {
				ALWAYS_EMBED_SWIFT_STANDARD_LIBRARIES = YES;
				BUNDLE_LOADER = "$(TEST_HOST)";
				CODE_SIGN_STYLE = Automatic;
				CURRENT_PROJECT_VERSION = 1;
				GENERATE_INFOPLIST_FILE = YES;
				IPHONEOS_DEPLOYMENT_TARGET = 17.2;
				MARKETING_VERSION = 1.0;
				PRODUCT_BUNDLE_IDENTIFIER = selab.lowvisionsurveyTests;
				PRODUCT_NAME = "$(TARGET_NAME)";
				SWIFT_EMIT_LOC_STRINGS = NO;
				SWIFT_VERSION = 5.0;
				TARGETED_DEVICE_FAMILY = "1,2";
				TEST_HOST = "$(BUILT_PRODUCTS_DIR)/lowvisionsurvey.app/$(BUNDLE_EXECUTABLE_FOLDER_PATH)/lowvisionsurvey";
			};
			name = Debug;
		};
		AE5308C62B7FFFFA0087DAA5 /* Release */ = {
			isa = XCBuildConfiguration;
			buildSettings = {
				ALWAYS_EMBED_SWIFT_STANDARD_LIBRARIES = YES;
				BUNDLE_LOADER = "$(TEST_HOST)";
				CODE_SIGN_STYLE = Automatic;
				CURRENT_PROJECT_VERSION = 1;
				GENERATE_INFOPLIST_FILE = YES;
				IPHONEOS_DEPLOYMENT_TARGET = 17.2;
				MARKETING_VERSION = 1.0;
				PRODUCT_BUNDLE_IDENTIFIER = selab.lowvisionsurveyTests;
				PRODUCT_NAME = "$(TARGET_NAME)";
				SWIFT_EMIT_LOC_STRINGS = NO;
				SWIFT_VERSION = 5.0;
				TARGETED_DEVICE_FAMILY = "1,2";
				TEST_HOST = "$(BUILT_PRODUCTS_DIR)/lowvisionsurvey.app/$(BUNDLE_EXECUTABLE_FOLDER_PATH)/lowvisionsurvey";
			};
			name = Release;
		};
		AE5308C82B7FFFFA0087DAA5 /* Debug */ = {
			isa = XCBuildConfiguration;
			buildSettings = {
				ALWAYS_EMBED_SWIFT_STANDARD_LIBRARIES = YES;
				CODE_SIGN_STYLE = Automatic;
				CURRENT_PROJECT_VERSION = 1;
				GENERATE_INFOPLIST_FILE = YES;
				MARKETING_VERSION = 1.0;
				PRODUCT_BUNDLE_IDENTIFIER = selab.lowvisionsurveyUITests;
				PRODUCT_NAME = "$(TARGET_NAME)";
				SWIFT_EMIT_LOC_STRINGS = NO;
				SWIFT_VERSION = 5.0;
				TARGETED_DEVICE_FAMILY = "1,2";
				TEST_TARGET_NAME = lowvisionsurvey;
			};
			name = Debug;
		};
		AE5308C92B7FFFFA0087DAA5 /* Release */ = {
			isa = XCBuildConfiguration;
			buildSettings = {
				ALWAYS_EMBED_SWIFT_STANDARD_LIBRARIES = YES;
				CODE_SIGN_STYLE = Automatic;
				CURRENT_PROJECT_VERSION = 1;
				GENERATE_INFOPLIST_FILE = YES;
				MARKETING_VERSION = 1.0;
				PRODUCT_BUNDLE_IDENTIFIER = selab.lowvisionsurveyUITests;
				PRODUCT_NAME = "$(TARGET_NAME)";
				SWIFT_EMIT_LOC_STRINGS = NO;
				SWIFT_VERSION = 5.0;
				TARGETED_DEVICE_FAMILY = "1,2";
				TEST_TARGET_NAME = lowvisionsurvey;
			};
			name = Release;
		};
/* End XCBuildConfiguration section */

/* Begin XCConfigurationList section */
		AE5308982B7FFFF80087DAA5 /* Build configuration list for PBXProject "lowvisionsurvey" */ = {
			isa = XCConfigurationList;
			buildConfigurations = (
				AE5308BF2B7FFFFA0087DAA5 /* Debug */,
				AE5308C02B7FFFFA0087DAA5 /* Release */,
			);
			defaultConfigurationIsVisible = 0;
			defaultConfigurationName = Release;
		};
		AE5308C12B7FFFFA0087DAA5 /* Build configuration list for PBXNativeTarget "lowvisionsurvey" */ = {
			isa = XCConfigurationList;
			buildConfigurations = (
				AE5308C22B7FFFFA0087DAA5 /* Debug */,
				AE5308C32B7FFFFA0087DAA5 /* Release */,
			);
			defaultConfigurationIsVisible = 0;
			defaultConfigurationName = Release;
		};
		AE5308C42B7FFFFA0087DAA5 /* Build configuration list for PBXNativeTarget "lowvisionsurveyTests" */ = {
			isa = XCConfigurationList;
			buildConfigurations = (
				AE5308C52B7FFFFA0087DAA5 /* Debug */,
				AE5308C62B7FFFFA0087DAA5 /* Release */,
			);
			defaultConfigurationIsVisible = 0;
			defaultConfigurationName = Release;
		};
		AE5308C72B7FFFFA0087DAA5 /* Build configuration list for PBXNativeTarget "lowvisionsurveyUITests" */ = {
			isa = XCConfigurationList;
			buildConfigurations = (
				AE5308C82B7FFFFA0087DAA5 /* Debug */,
				AE5308C92B7FFFFA0087DAA5 /* Release */,
			);
			defaultConfigurationIsVisible = 0;
			defaultConfigurationName = Release;
		};
/* End XCConfigurationList section */
	};
	rootObject = AE5308952B7FFFF80087DAA5 /* Project object */;
}
